
Microsoft Visual Studio Solution File, Format Version 12.00
# Visual Studio 15
Project("{FAE04EC0-301F-11D3-BF4B-00C04F79EFBC}") = "SimpleTableUI", "SimpleTableUI.csproj", "{1E6B1671-272D-F4E9-C58A-C1F46F46F76B}"
EndProject
Project("{FAE04EC0-301F-11D3-BF4B-00C04F79EFBC}") = "Assembly-CSharp", "Assembly-CSharp.csproj", "{265769B8-53E2-BBE1-FFFE-237C6B770442}"
EndProject
Project("{FAE04EC0-301F-11D3-BF4B-00C04F79EFBC}") = "SimpleTableUI_Editor", "SimpleTableUI_Editor.csproj", "{7522EC74-38B7-E19C-7951-A2716B35BC0D}"
EndProject
Global
	GlobalSection(SolutionConfigurationPlatforms) = preSolution
		Debug|Any CPU = Debug|Any CPU
		Release|Any CPU = Release|Any CPU
	EndGlobalSection
	GlobalSection(ProjectConfigurationPlatforms) = postSolution
		{1E6B1671-272D-F4E9-C58A-C1F46F46F76B}.Debug|Any CPU.ActiveCfg = Debug|Any CPU
		{1E6B1671-272D-F4E9-C58A-C1F46F46F76B}.Debug|Any CPU.Build.0 = Debug|Any CPU
		{1E6B1671-272D-F4E9-C58A-C1F46F46F76B}.Release|Any CPU.ActiveCfg = Release|Any CPU
		{1E6B1671-272D-F4E9-C58A-C1F46F46F76B}.Release|Any CPU.Build.0 = Release|Any CPU
		{265769B8-53E2-BBE1-FFFE-237C6B770442}.Debug|Any CPU.ActiveCfg = Debug|Any CPU
		{265769B8-53E2-BBE1-FFFE-237C6B770442}.Debug|Any CPU.Build.0 = Debug|Any CPU
		{265769B8-53E2-BBE1-FFFE-237C6B770442}.Release|Any CPU.ActiveCfg = Release|Any CPU
		{265769B8-53E2-BBE1-FFFE-237C6B770442}.Release|Any CPU.Build.0 = Release|Any CPU
		{7522EC74-38B7-E19C-7951-A2716B35BC0D}.Debug|Any CPU.ActiveCfg = Debug|Any CPU
		{7522EC74-38B7-E19C-7951-A2716B35BC0D}.Debug|Any CPU.Build.0 = Debug|Any CPU
		{7522EC74-38B7-E19C-7951-A2716B35BC0D}.Release|Any CPU.ActiveCfg = Release|Any CPU
		{7522EC74-38B7-E19C-7951-A2716B35BC0D}.Release|Any CPU.Build.0 = Release|Any CPU
	EndGlobalSection
	GlobalSection(SolutionProperties) = preSolution
		HideSolutionNode = FALSE
	EndGlobalSection
EndGlobal
